{
  "requires": true,
  "lockfileVersion": 1,
  "dependencies": {
    "@tyriar/fibonacci-heap": {
      "version": "2.0.9",
      "resolved": "https://registry.npmjs.org/@tyriar/fibonacci-heap/-/fibonacci-heap-2.0.9.tgz",
      "integrity": "sha512-bYuSNomfn4hu2tPiDN+JZtnzCpSpbJ/PNeulmocDy3xN2X5OkJL65zo6rPZp65cPPhLF9vfT/dgE+RtFRCSxOA=="
    },
    "avl": {
      "version": "1.4.4",
      "resolved": "https://registry.npmjs.org/avl/-/avl-1.4.4.tgz",
      "integrity": "sha512-vMjF4jhT2N0naO1fsBTA/lZ2AB70ECBv41na7oBe8B5PCgMVvNrWG+VRKMlbG5Mk5UGbMxzUD9fXK/IBsmmO5A=="
    },
    "bloomfilter": {
      "version": "0.0.18",
      "resolved": "https://registry.npmjs.org/bloomfilter/-/bloomfilter-0.0.18.tgz",
      "integrity": "sha512-CbnyHE78gY1tpXS/Ap+B0RJxKdRWCDzjBnX97UJSG8rdLv1PK8GiTWc/CCQyWu6PWVD4lUceeFrqC6Mf3nMgOA=="
    }
  }
}
